
Microsoft Visual Studio Solution File, Format Version 11.00
# Visual Studio 2010
Project("{FAE04EC0-301F-11D3-BF4B-00C04F79EFBC}") = "SwirldsHack", "Assembly-CSharp.csproj", "{FBFE08F5-3DC3-36C6-1673-BB7A47173948}"
EndProject
Global
	GlobalSection(SolutionConfigurationPlatforms) = preSolution
		Debug|Any CPU = Debug|Any CPU
		Release|Any CPU = Release|Any CPU
	EndGlobalSection
	GlobalSection(ProjectConfigurationPlatforms) = postSolution
		{FBFE08F5-3DC3-36C6-1673-BB7A47173948}.Debug|Any CPU.ActiveCfg = Debug|Any CPU
		{FBFE08F5-3DC3-36C6-1673-BB7A47173948}.Debug|Any CPU.Build.0 = Debug|Any CPU
		{FBFE08F5-3DC3-36C6-1673-BB7A47173948}.Release|Any CPU.ActiveCfg = Release|Any CPU
		{FBFE08F5-3DC3-36C6-1673-BB7A47173948}.Release|Any CPU.Build.0 = Release|Any CPU
	EndGlobalSection
	GlobalSection(SolutionProperties) = preSolution
		HideSolutionNode = FALSE
	EndGlobalSection
	GlobalSection(MonoDevelopProperties) = preSolution
		StartupItem = Assembly-CSharp.csproj
	EndGlobalSection
EndGlobal
